
Microsoft Visual Studio Solution File, Format Version 12.00
# Visual Studio Version 16
VisualStudioVersion = 16.0.33423.256
MinimumVisualStudioVersion = 10.0.40219.1
Project("{FAE04EC0-301F-11D3-BF4B-00C04F79EFBC}") = "ConsoleApp1", "ConsoleApp1.csproj", "{F9148C37-1D15-4966-8727-0E56556CBAC7}"
EndProject
Project("{FAE04EC0-301F-11D3-BF4B-00C04F79EFBC}") = "Donguler", "..\Donguler\Donguler.csproj", "{6E478043-2D8F-401C-B045-EA0AD84FF973}"
EndProject
Project("{FAE04EC0-301F-11D3-BF4B-00C04F79EFBC}") = "Classİntro", "..\Classİntro\Classİntro.csproj", "{82FF4A00-D8CE-4F55-8DEF-01D9E3626F4F}"
EndProject
Project("{FAE04EC0-301F-11D3-BF4B-00C04F79EFBC}") = "Ödev1", "..\Ödev1\Ödev1.csproj", "{B962BDB2-1BA7-4AC4-94A7-1F5841E3E4B4}"
EndProject
Project("{FAE04EC0-301F-11D3-BF4B-00C04F79EFBC}") = "Metotlar", "..\Metotlar\Metotlar.csproj", "{D1D3FAB5-D3D9-4EE1-8EA1-1730D5328780}"
EndProject
Project("{FAE04EC0-301F-11D3-BF4B-00C04F79EFBC}") = "Matematik", "..\Matematik\Matematik.csproj", "{B6FA19E6-53CC-4E8E-97A3-A104864B78B9}"
EndProject
Project("{FAE04EC0-301F-11D3-BF4B-00C04F79EFBC}") = "DegerVeRefernsTipler", "..\DegerVeRefernsTipler\DegerVeRefernsTipler.csproj", "{37D69858-5E1D-4942-A3EB-175CCCFA5290}"
EndProject
Global
	GlobalSection(SolutionConfigurationPlatforms) = preSolution
		Debug|Any CPU = Debug|Any CPU
		Release|Any CPU = Release|Any CPU
	EndGlobalSection
	GlobalSection(ProjectConfigurationPlatforms) = postSolution
		{F9148C37-1D15-4966-8727-0E56556CBAC7}.Debug|Any CPU.ActiveCfg = Debug|Any CPU
		{F9148C37-1D15-4966-8727-0E56556CBAC7}.Debug|Any CPU.Build.0 = Debug|Any CPU
		{F9148C37-1D15-4966-8727-0E56556CBAC7}.Release|Any CPU.ActiveCfg = Release|Any CPU
		{F9148C37-1D15-4966-8727-0E56556CBAC7}.Release|Any CPU.Build.0 = Release|Any CPU
		{6E478043-2D8F-401C-B045-EA0AD84FF973}.Debug|Any CPU.ActiveCfg = Debug|Any CPU
		{6E478043-2D8F-401C-B045-EA0AD84FF973}.Debug|Any CPU.Build.0 = Debug|Any CPU
		{6E478043-2D8F-401C-B045-EA0AD84FF973}.Release|Any CPU.ActiveCfg = Release|Any CPU
		{6E478043-2D8F-401C-B045-EA0AD84FF973}.Release|Any CPU.Build.0 = Release|Any CPU
		{82FF4A00-D8CE-4F55-8DEF-01D9E3626F4F}.Debug|Any CPU.ActiveCfg = Debug|Any CPU
		{82FF4A00-D8CE-4F55-8DEF-01D9E3626F4F}.Debug|Any CPU.Build.0 = Debug|Any CPU
		{82FF4A00-D8CE-4F55-8DEF-01D9E3626F4F}.Release|Any CPU.ActiveCfg = Release|Any CPU
		{82FF4A00-D8CE-4F55-8DEF-01D9E3626F4F}.Release|Any CPU.Build.0 = Release|Any CPU
		{B962BDB2-1BA7-4AC4-94A7-1F5841E3E4B4}.Debug|Any CPU.ActiveCfg = Debug|Any CPU
		{B962BDB2-1BA7-4AC4-94A7-1F5841E3E4B4}.Debug|Any CPU.Build.0 = Debug|Any CPU
		{B962BDB2-1BA7-4AC4-94A7-1F5841E3E4B4}.Release|Any CPU.ActiveCfg = Release|Any CPU
		{B962BDB2-1BA7-4AC4-94A7-1F5841E3E4B4}.Release|Any CPU.Build.0 = Release|Any CPU
		{D1D3FAB5-D3D9-4EE1-8EA1-1730D5328780}.Debug|Any CPU.ActiveCfg = Debug|Any CPU
		{D1D3FAB5-D3D9-4EE1-8EA1-1730D5328780}.Debug|Any CPU.Build.0 = Debug|Any CPU
		{D1D3FAB5-D3D9-4EE1-8EA1-1730D5328780}.Release|Any CPU.ActiveCfg = Release|Any CPU
		{D1D3FAB5-D3D9-4EE1-8EA1-1730D5328780}.Release|Any CPU.Build.0 = Release|Any CPU
		{B6FA19E6-53CC-4E8E-97A3-A104864B78B9}.Debug|Any CPU.ActiveCfg = Debug|Any CPU
		{B6FA19E6-53CC-4E8E-97A3-A104864B78B9}.Debug|Any CPU.Build.0 = Debug|Any CPU
		{B6FA19E6-53CC-4E8E-97A3-A104864B78B9}.Release|Any CPU.ActiveCfg = Release|Any CPU
		{B6FA19E6-53CC-4E8E-97A3-A104864B78B9}.Release|Any CPU.Build.0 = Release|Any CPU
		{37D69858-5E1D-4942-A3EB-175CCCFA5290}.Debug|Any CPU.ActiveCfg = Debug|Any CPU
		{37D69858-5E1D-4942-A3EB-175CCCFA5290}.Debug|Any CPU.Build.0 = Debug|Any CPU
		{37D69858-5E1D-4942-A3EB-175CCCFA5290}.Release|Any CPU.ActiveCfg = Release|Any CPU
		{37D69858-5E1D-4942-A3EB-175CCCFA5290}.Release|Any CPU.Build.0 = Release|Any CPU
	EndGlobalSection
	GlobalSection(SolutionProperties) = preSolution
		HideSolutionNode = FALSE
	EndGlobalSection
	GlobalSection(ExtensibilityGlobals) = postSolution
		SolutionGuid = {C11E9DC2-3FEA-4CD2-87D1-A69698A30AE2}
	EndGlobalSection
EndGlobal
